
Microsoft Visual Studio Solution File, Format Version 12.00
# Visual Studio Express 2012 for Windows Desktop
Project("{FAE04EC0-301F-11D3-BF4B-00C04F79EFBC}") = "VPServices", "VPServices.csproj", "{185C1F00-9F11-4986-A49C-0CB97E0BDE37}"
EndProject
Project("{FAE04EC0-301F-11D3-BF4B-00C04F79EFBC}") = "VPNet", "..\VPNet\VPNet\VPNet.csproj", "{DBE501A7-0176-473F-B2E8-F4ADA721917F}"
EndProject
Global
	GlobalSection(SolutionConfigurationPlatforms) = preSolution
		Debug|Any CPU = Debug|Any CPU
		Release|Any CPU = Release|Any CPU
	EndGlobalSection
	GlobalSection(ProjectConfigurationPlatforms) = postSolution
		{185C1F00-9F11-4986-A49C-0CB97E0BDE37}.Debug|Any CPU.ActiveCfg = Debug|Any CPU
		{185C1F00-9F11-4986-A49C-0CB97E0BDE37}.Debug|Any CPU.Build.0 = Debug|Any CPU
		{185C1F00-9F11-4986-A49C-0CB97E0BDE37}.Release|Any CPU.ActiveCfg = Release|Any CPU
		{185C1F00-9F11-4986-A49C-0CB97E0BDE37}.Release|Any CPU.Build.0 = Release|Any CPU
		{DBE501A7-0176-473F-B2E8-F4ADA721917F}.Debug|Any CPU.ActiveCfg = Debug|Any CPU
		{DBE501A7-0176-473F-B2E8-F4ADA721917F}.Debug|Any CPU.Build.0 = Debug|Any CPU
		{DBE501A7-0176-473F-B2E8-F4ADA721917F}.Release|Any CPU.ActiveCfg = Release|Any CPU
		{DBE501A7-0176-473F-B2E8-F4ADA721917F}.Release|Any CPU.Build.0 = Release|Any CPU
	EndGlobalSection
	GlobalSection(SolutionProperties) = preSolution
		HideSolutionNode = FALSE
	EndGlobalSection
EndGlobal
