
Microsoft Visual Studio Solution File, Format Version 12.00
# Visual Studio Express 2012 for Windows Desktop
Project("{FAE04EC0-301F-11D3-BF4B-00C04F79EFBC}") = "VPServices", "VPServices.csproj", "{185C1F00-9F11-4986-A49C-0CB97E0BDE37}"
EndProject
Project("{FAE04EC0-301F-11D3-BF4B-00C04F79EFBC}") = "VPNet", "..\VP.NET\VPNet\VPNet.csproj", "{DBE501A7-0176-473F-B2E8-F4ADA721917F}"
EndProject
Global
	GlobalSection(SolutionConfigurationPlatforms) = preSolution
		Debug - Test|x86 = Debug - Test|x86
		Debug|x86 = Debug|x86
		Release|x86 = Release|x86
	EndGlobalSection
	GlobalSection(ProjectConfigurationPlatforms) = postSolution
		{185C1F00-9F11-4986-A49C-0CB97E0BDE37}.Debug - Test|x86.ActiveCfg = Debug - Test|x86
		{185C1F00-9F11-4986-A49C-0CB97E0BDE37}.Debug - Test|x86.Build.0 = Debug - Test|x86
		{185C1F00-9F11-4986-A49C-0CB97E0BDE37}.Debug|x86.ActiveCfg = Debug|x86
		{185C1F00-9F11-4986-A49C-0CB97E0BDE37}.Debug|x86.Build.0 = Debug|x86
		{185C1F00-9F11-4986-A49C-0CB97E0BDE37}.Release|x86.ActiveCfg = Release|x86
		{185C1F00-9F11-4986-A49C-0CB97E0BDE37}.Release|x86.Build.0 = Release|x86
		{DBE501A7-0176-473F-B2E8-F4ADA721917F}.Debug - Test|x86.ActiveCfg = Debug|x86
		{DBE501A7-0176-473F-B2E8-F4ADA721917F}.Debug - Test|x86.Build.0 = Debug|x86
		{DBE501A7-0176-473F-B2E8-F4ADA721917F}.Debug|x86.ActiveCfg = Debug|x86
		{DBE501A7-0176-473F-B2E8-F4ADA721917F}.Debug|x86.Build.0 = Debug|x86
		{DBE501A7-0176-473F-B2E8-F4ADA721917F}.Release|x86.ActiveCfg = Release|x86
		{DBE501A7-0176-473F-B2E8-F4ADA721917F}.Release|x86.Build.0 = Release|x86
	EndGlobalSection
	GlobalSection(SolutionProperties) = preSolution
		HideSolutionNode = FALSE
	EndGlobalSection
EndGlobal
